# THIS IS AN AUTOGENERATED FILE. DO NOT EDIT THIS FILE DIRECTLY.
# yarn lockfile v1


fsevents@^2.1.2:
  version "2.1.2"
  resolved "http://artifact.stage.shutterfly.com:8081/artifactory/api/npm/npm-repo/fsevents/-/fsevents-2.1.2.tgz#4c0a1fb34bc68e543b4b82a9ec392bfbda840805"
  integrity sha1-TAofs0vGjlQ7S4Kp7Dkr+9qECAU=
